
Microsoft Visual Studio Solution File, Format Version 12.00
# Visual Studio 15
VisualStudioVersion = 15.0.27130.2027
MinimumVisualStudioVersion = 10.0.40219.1
Project("{FAE04EC0-301F-11D3-BF4B-00C04F79EFBC}") = "Railtime_v6", "Railtime_v6\Railtime_v6.csproj", "{C30F3432-DD01-4DAC-BA0A-868A82B25FE8}"
EndProject
Global
	GlobalSection(SolutionConfigurationPlatforms) = preSolution
		Debug|Any CPU = Debug|Any CPU
		Release|Any CPU = Release|Any CPU
	EndGlobalSection
	GlobalSection(ProjectConfigurationPlatforms) = postSolution
		{C30F3432-DD01-4DAC-BA0A-868A82B25FE8}.Debug|Any CPU.ActiveCfg = Debug|Any CPU
		{C30F3432-DD01-4DAC-BA0A-868A82B25FE8}.Debug|Any CPU.Build.0 = Debug|Any CPU
		{C30F3432-DD01-4DAC-BA0A-868A82B25FE8}.Debug|Any CPU.Deploy.0 = Debug|Any CPU
		{C30F3432-DD01-4DAC-BA0A-868A82B25FE8}.Release|Any CPU.ActiveCfg = Release|Any CPU
		{C30F3432-DD01-4DAC-BA0A-868A82B25FE8}.Release|Any CPU.Build.0 = Release|Any CPU
		{C30F3432-DD01-4DAC-BA0A-868A82B25FE8}.Release|Any CPU.Deploy.0 = Release|Any CPU
	EndGlobalSection
	GlobalSection(SolutionProperties) = preSolution
		HideSolutionNode = FALSE
	EndGlobalSection
	GlobalSection(ExtensibilityGlobals) = postSolution
		SolutionGuid = {8DB754F7-6732-43F0-9107-D51874A38E82}
	EndGlobalSection
EndGlobal
